
Microsoft Visual Studio Solution File, Format Version 12.00
# Visual Studio Version 17
VisualStudioVersion = 17.3.32825.248
MinimumVisualStudioVersion = 10.0.40219.1
Project("{9A19103F-16F7-4668-BE54-9A1E7A4F7556}") = "Algorithm", "algorithm_practice\Algorithm.csproj", "{F141D21F-E254-44AA-81C8-61668C1C64AD}"
EndProject
Project("{9A19103F-16F7-4668-BE54-9A1E7A4F7556}") = "Algorithm.Sort", "Algorithm.Sort\Algorithm.Sort.csproj", "{9C313B42-949E-4BCD-8273-08C633BD7760}"
EndProject
Project("{9A19103F-16F7-4668-BE54-9A1E7A4F7556}") = "Algorithm.Test", "Algorithm.Test\Algorithm.Test.csproj", "{62198BDC-ADFE-460C-992F-3C2133ADCA08}"
EndProject
Project("{9A19103F-16F7-4668-BE54-9A1E7A4F7556}") = "Algorithm.StringMatching", "Algorithm.StringMatching\Algorithm.StringMatching.csproj", "{BEF6B547-0D88-49F5-9BAA-C9927F8F66ED}"
EndProject
Project("{FAE04EC0-301F-11D3-BF4B-00C04F79EFBC}") = "Algorithm.DataCompression", "Algorithm.DataCompression\Algorithm.DataCompression.csproj", "{8B1A650E-1577-411A-8E46-416930C383F4}"
EndProject
Global
	GlobalSection(SolutionConfigurationPlatforms) = preSolution
		Debug|Any CPU = Debug|Any CPU
		Release|Any CPU = Release|Any CPU
	EndGlobalSection
	GlobalSection(ProjectConfigurationPlatforms) = postSolution
		{F141D21F-E254-44AA-81C8-61668C1C64AD}.Debug|Any CPU.ActiveCfg = Debug|Any CPU
		{F141D21F-E254-44AA-81C8-61668C1C64AD}.Debug|Any CPU.Build.0 = Debug|Any CPU
		{F141D21F-E254-44AA-81C8-61668C1C64AD}.Release|Any CPU.ActiveCfg = Release|Any CPU
		{F141D21F-E254-44AA-81C8-61668C1C64AD}.Release|Any CPU.Build.0 = Release|Any CPU
		{9C313B42-949E-4BCD-8273-08C633BD7760}.Debug|Any CPU.ActiveCfg = Debug|Any CPU
		{9C313B42-949E-4BCD-8273-08C633BD7760}.Debug|Any CPU.Build.0 = Debug|Any CPU
		{9C313B42-949E-4BCD-8273-08C633BD7760}.Release|Any CPU.ActiveCfg = Release|Any CPU
		{9C313B42-949E-4BCD-8273-08C633BD7760}.Release|Any CPU.Build.0 = Release|Any CPU
		{62198BDC-ADFE-460C-992F-3C2133ADCA08}.Debug|Any CPU.ActiveCfg = Debug|Any CPU
		{62198BDC-ADFE-460C-992F-3C2133ADCA08}.Debug|Any CPU.Build.0 = Debug|Any CPU
		{62198BDC-ADFE-460C-992F-3C2133ADCA08}.Release|Any CPU.ActiveCfg = Release|Any CPU
		{62198BDC-ADFE-460C-992F-3C2133ADCA08}.Release|Any CPU.Build.0 = Release|Any CPU
		{BEF6B547-0D88-49F5-9BAA-C9927F8F66ED}.Debug|Any CPU.ActiveCfg = Debug|Any CPU
		{BEF6B547-0D88-49F5-9BAA-C9927F8F66ED}.Debug|Any CPU.Build.0 = Debug|Any CPU
		{BEF6B547-0D88-49F5-9BAA-C9927F8F66ED}.Release|Any CPU.ActiveCfg = Release|Any CPU
		{BEF6B547-0D88-49F5-9BAA-C9927F8F66ED}.Release|Any CPU.Build.0 = Release|Any CPU
		{8B1A650E-1577-411A-8E46-416930C383F4}.Debug|Any CPU.ActiveCfg = Debug|Any CPU
		{8B1A650E-1577-411A-8E46-416930C383F4}.Debug|Any CPU.Build.0 = Debug|Any CPU
		{8B1A650E-1577-411A-8E46-416930C383F4}.Release|Any CPU.ActiveCfg = Release|Any CPU
		{8B1A650E-1577-411A-8E46-416930C383F4}.Release|Any CPU.Build.0 = Release|Any CPU
	EndGlobalSection
	GlobalSection(SolutionProperties) = preSolution
		HideSolutionNode = FALSE
	EndGlobalSection
	GlobalSection(ExtensibilityGlobals) = postSolution
		SolutionGuid = {7B1F541A-9BA3-4E9B-B6F8-6DD63648DB6D}
	EndGlobalSection
EndGlobal
